uuid: 427e40a8-aac7-4ee7-ad19-0166ab4d2073
langcode: en
status: false
dependencies:
  module:
    - radix_contact
    - system
  theme:
    - business_responsive_theme
id: contactusblock
theme: business_responsive_theme
region: content
weight: -3
provider: null
plugin: contact_us
settings:
  id: contact_us
  label: 'Contact Us'
  label_display: visible
  provider: radix_contact
visibility:
  request_path:
    id: request_path
    negate: false
    pages: /services
